
Microsoft Visual Studio Solution File, Format Version 12.00
# Visual Studio Version 17
VisualStudioVersion = 17.11.35219.272
MinimumVisualStudioVersion = 10.0.40219.1
Project("{FAE04EC0-301F-11D3-BF4B-00C04F79EFBC}") = "03_MakingDecision", "03_MakingDecision\03_MakingDecision.csproj", "{B0710286-660D-4CB2-A1EC-C0E5AE0F5A5A}"
EndProject
Global
	GlobalSection(SolutionConfigurationPlatforms) = preSolution
		Debug|Any CPU = Debug|Any CPU
		Release|Any CPU = Release|Any CPU
	EndGlobalSection
	GlobalSection(ProjectConfigurationPlatforms) = postSolution
		{B0710286-660D-4CB2-A1EC-C0E5AE0F5A5A}.Debug|Any CPU.ActiveCfg = Debug|Any CPU
		{B0710286-660D-4CB2-A1EC-C0E5AE0F5A5A}.Debug|Any CPU.Build.0 = Debug|Any CPU
		{B0710286-660D-4CB2-A1EC-C0E5AE0F5A5A}.Release|Any CPU.ActiveCfg = Release|Any CPU
		{B0710286-660D-4CB2-A1EC-C0E5AE0F5A5A}.Release|Any CPU.Build.0 = Release|Any CPU
	EndGlobalSection
	GlobalSection(SolutionProperties) = preSolution
		HideSolutionNode = FALSE
	EndGlobalSection
	GlobalSection(ExtensibilityGlobals) = postSolution
		SolutionGuid = {D70A1D83-70AF-436D-B700-79EB04694EB0}
	EndGlobalSection
EndGlobal
