
Microsoft Visual Studio Solution File, Format Version 12.00
# Visual Studio Version 17
VisualStudioVersion = 17.11.35219.272
MinimumVisualStudioVersion = 10.0.40219.1
Project("{FAE04EC0-301F-11D3-BF4B-00C04F79EFBC}") = "04_Loop", "04_Loop\04_Loop.csproj", "{179D2831-DADE-418F-9ADD-FD481A4A8D69}"
EndProject
Global
	GlobalSection(SolutionConfigurationPlatforms) = preSolution
		Debug|Any CPU = Debug|Any CPU
		Release|Any CPU = Release|Any CPU
	EndGlobalSection
	GlobalSection(ProjectConfigurationPlatforms) = postSolution
		{179D2831-DADE-418F-9ADD-FD481A4A8D69}.Debug|Any CPU.ActiveCfg = Debug|Any CPU
		{179D2831-DADE-418F-9ADD-FD481A4A8D69}.Debug|Any CPU.Build.0 = Debug|Any CPU
		{179D2831-DADE-418F-9ADD-FD481A4A8D69}.Release|Any CPU.ActiveCfg = Release|Any CPU
		{179D2831-DADE-418F-9ADD-FD481A4A8D69}.Release|Any CPU.Build.0 = Release|Any CPU
	EndGlobalSection
	GlobalSection(SolutionProperties) = preSolution
		HideSolutionNode = FALSE
	EndGlobalSection
	GlobalSection(ExtensibilityGlobals) = postSolution
		SolutionGuid = {5A86BF90-4431-41DB-ADEF-B13DF77A5E1F}
	EndGlobalSection
EndGlobal
